---
mruby:
  version: 3.4.0
  release_no: 30400
builds:
  esp32:
    https://github.com/kishima/mruby-esp32-i2c.git:
      url: https://github.com/kishima/mruby-esp32-i2c.git
      branch: support_idf_5.4.1
      commit: 1d3dd678cce5be58cb3f75ea53889dff525ec508
      version: 0.0.0
    https://github.com/kishima/mruby-esp32-microros.git:
      url: https://github.com/kishima/mruby-esp32-microros.git
      branch: develop
      commit: 55c70461efc33dba650145ac249e385c082afaf2
      version: 0.0.0
